{
  "name": "crafts_by_faith",
  "version": "0.0.1",
  "lockfileVersion": 1,
  "requires": true,
  "dependencies": {
    "celo": {
      "version": "1.1.5",
      "resolved": "https://registry.npmjs.org/celo/-/celo-1.1.5.tgz",
      "integrity": "sha512-7Bl6UmO+s6G8MXWTLe5meLIWMH5O6za8Ww8XMHQogNwEuTwIPQGi3DqEJo53wC9YmA8hjajtCHCIZaz0TVhLbg=="
    },
    "lodash-es": {
      "version": "4.17.20",
      "resolved": "https://registry.npmjs.org/lodash-es/-/lodash-es-4.17.20.tgz",
      "integrity": "sha512-JD1COMZsq8maT6mnuz1UMV0jvYD0E0aUsSOdrr1/nAG3dhqQXwRRgeW0cSqH1U43INKcqxaiVIQNOUDld7gRDA=="
    }
  }
}
